{
  "name": "ndrone",
  "version": "0.1.0",
  "lockfileVersion": 3,
  "requires": true,
  "packages": {
    "": {
      "name": "ndrone",
      "version": "0.1.0",
      "license": "MIT",
      "dependencies": {
        "xterm": "^5.2.0"
      }
    },
    "node_modules/xterm": {
      "version": "5.2.0",
      "resolved": "https://registry.npmjs.org/xterm/-/xterm-5.2.0.tgz",
      "integrity": "sha512-C1NXTZYfXPTXzF7uw7Ao6/IFGrtAkHv4e/PCQRpgYHyMobvaRs3nJNGK32hX/skdMUQJ6yhSnyzfmWCQwG9qvg=="
    }
  }
}
